# This file is automatically @generated by Cargo.
# It is not intended for manual editing.
[[package]]
name = "acpi"
version = "1.1.0"
source = "registry+https://github.com/rust-lang/crates.io-index"
checksum = "9fc3ee04a20cb4031726ec40a1a79dbf972007fa4152f8ee830ba668f7c2693a"
dependencies = [
 "bit_field 0.10.1",
 "log",
]

[[package]]
name = "ahash"
version = "0.2.19"
source = "registry+https://github.com/rust-lang/crates.io-index"
checksum = "29661b60bec623f0586702976ff4d0c9942dcb6723161c2df0eea78455cfedfb"
dependencies = [
 "const-random",
]

[[package]]
name = "ahash"
version = "0.3.8"
source = "registry+https://github.com/rust-lang/crates.io-index"
checksum = "e8fd72866655d1904d6b0997d0b07ba561047d070fbe29de039031c641b61217"

[[package]]
name = "autocfg"
version = "0.1.7"
source = "registry+https://github.com/rust-lang/crates.io-index"
checksum = "1d49d90015b3c36167a20fe2810c5cd875ad504b39cff3d4eae7977e6b7c1cb2"

[[package]]
name = "autocfg"
version = "1.0.1"
source = "registry+https://github.com/rust-lang/crates.io-index"
checksum = "cdb031dd78e28731d87d56cc8ffef4a8f36ca26c38fe2de700543e627f8a464a"

[[package]]
name = "bit_field"
version = "0.9.0"
source = "registry+https://github.com/rust-lang/crates.io-index"
checksum = "ed8765909f9009617974ab6b7d332625b320b33c326b1e9321382ef1999b5d56"

[[package]]
name = "bit_field"
version = "0.10.1"
source = "registry+https://github.com/rust-lang/crates.io-index"
checksum = "dcb6dd1c2376d2e096796e234a70e17e94cc2d5d54ff8ce42b28cef1d0d359a4"

[[package]]
name = "bitflags"
version = "1.2.1"
source = "registry+https://github.com/rust-lang/crates.io-index"
checksum = "cf1de2fe8c75bc145a2f577add951f8134889b4795d47466a54a5c846d691693"

[[package]]
name = "cfg-if"
version = "0.1.10"
source = "registry+https://github.com/rust-lang/crates.io-index"
checksum = "4785bdd1c96b2a846b2bd7cc02e86b6b3dbf14e7e53446c4f54c92a361040822"

[[package]]
name = "const-random"
version = "0.1.13"
source = "registry+https://github.com/rust-lang/crates.io-index"
checksum = "f590d95d011aa80b063ffe3253422ed5aa462af4e9867d43ce8337562bac77c4"
dependencies = [
 "const-random-macro",
 "proc-macro-hack",
]

[[package]]
name = "const-random-macro"
version = "0.1.13"
source = "registry+https://github.com/rust-lang/crates.io-index"
checksum = "615f6e27d000a2bffbc7f2f6a8669179378fa27ee4d0a509e985dfc0a7defb40"
dependencies = [
 "getrandom",
 "lazy_static",
 "proc-macro-hack",
 "tiny-keccak",
]

[[package]]
name = "core-io"
version = "0.1.0"
dependencies = [
 "void",
]

[[package]]
name = "cpuio"
version = "0.3.0"
source = "registry+https://github.com/rust-lang/crates.io-index"
checksum = "d531514efb06912141fa65967447de805691b685a7565c87d1765afe34a98aa7"

[[package]]
name = "crunchy"
version = "0.2.2"
source = "registry+https://github.com/rust-lang/crates.io-index"
checksum = "7a81dae078cea95a014a339291cec439d2f232ebe854a9d672b796c6afafa9b7"

[[package]]
name = "downcast-rs"
version = "1.2.0"
source = "registry+https://github.com/rust-lang/crates.io-index"
checksum = "9ea835d29036a4087793836fa931b08837ad5e957da9e23886b29586fb9b6650"

[[package]]
name = "getrandom"
version = "0.2.0"
source = "registry+https://github.com/rust-lang/crates.io-index"
checksum = "ee8025cf36f917e6a52cce185b7c7177689b838b7ec138364e50cc2277a56cf4"
dependencies = [
 "cfg-if",
 "libc",
 "wasi",
]

[[package]]
name = "hashbrown"
version = "0.6.3"
source = "registry+https://github.com/rust-lang/crates.io-index"
checksum = "8e6073d0ca812575946eb5f35ff68dbe519907b25c42530389ff946dc84c6ead"
dependencies = [
 "ahash 0.2.19",
 "autocfg 0.1.7",
]

[[package]]
name = "hashbrown"
version = "0.7.2"
source = "registry+https://github.com/rust-lang/crates.io-index"
checksum = "96282e96bfcd3da0d3aa9938bedf1e50df3269b6db08b4876d2da0bb1a0841cf"
dependencies = [
 "ahash 0.3.8",
 "autocfg 1.0.1",
]

[[package]]
name = "heck"
version = "0.3.1"
source = "registry+https://github.com/rust-lang/crates.io-index"
checksum = "20564e78d53d2bb135c343b3f47714a56af2061f1c928fdb541dc7b9fdd94205"
dependencies = [
 "unicode-segmentation",
]

[[package]]
name = "kern"
version = "0.1.0"
dependencies = [
 "acpi",
 "core-io",
 "cpuio",
 "hashbrown 0.7.2",
 "kernel_api",
 "lazy_static",
 "log",
 "modular-bitfield",
 "multiboot2",
 "pc-keyboard",
 "pretty-hex",
 "spin",
 "stack-vec",
 "usb-host",
 "volatile 0.2.7",
 "x86_64",
 "xhci",
]

[[package]]
name = "kernel_api"
version = "0.1.0"

[[package]]
name = "lazy_static"
version = "1.4.0"
source = "registry+https://github.com/rust-lang/crates.io-index"
checksum = "e2abad23fbc42b3700f2f279844dc832adb2b2eb069b2df918f455c4e18cc646"
dependencies = [
 "spin",
]

[[package]]
name = "libc"
version = "0.2.80"
source = "registry+https://github.com/rust-lang/crates.io-index"
checksum = "4d58d1b70b004888f764dfbf6a26a3b0342a1632d33968e4a179d8011c760614"

[[package]]
name = "log"
version = "0.4.11"
source = "registry+https://github.com/rust-lang/crates.io-index"
checksum = "4fabed175da42fed1fa0746b0ea71f412aa9d35e76e95e59b192c64b9dc2bf8b"
dependencies = [
 "cfg-if",
]

[[package]]
name = "modular-bitfield"
version = "0.6.0"
source = "registry+https://github.com/rust-lang/crates.io-index"
checksum = "cfce02c04a0c1dfac7171f89fbea9196ebe58ac4083b4039f72b0b8ab88efdfb"
dependencies = [
 "modular-bitfield-impl",
]

[[package]]
name = "modular-bitfield-impl"
version = "0.6.0"
source = "registry+https://github.com/rust-lang/crates.io-index"
checksum = "9c5a5f642ef4f9bcef459a0e48a240c51809e43557d8922e2459d3df6fea9824"
dependencies = [
 "heck",
 "proc-macro2",
 "quote",
 "syn",
]

[[package]]
name = "multiboot2"
version = "0.8.2"
source = "registry+https://github.com/rust-lang/crates.io-index"
checksum = "24835c1bfe38142c78aa2d00769b0d76239c4b583d92f817e6e0a4f3631f40d6"
dependencies = [
 "bitflags",
]

[[package]]
name = "pc-keyboard"
version = "0.5.1"
source = "registry+https://github.com/rust-lang/crates.io-index"
checksum = "5c6f2d937e3b8d63449b01401e2bae4041bc9dd1129c2e3e0d239407cf6635ac"

[[package]]
name = "pretty-hex"
version = "0.1.1"
source = "registry+https://github.com/rust-lang/crates.io-index"
checksum = "be91bcc43e73799dc46a6c194a55e7aae1d86cc867c860fd4a436019af21bd8c"

[[package]]
name = "proc-macro-hack"
version = "0.5.19"
source = "registry+https://github.com/rust-lang/crates.io-index"
checksum = "dbf0c48bc1d91375ae5c3cd81e3722dff1abcf81a30960240640d223f59fe0e5"

[[package]]
name = "proc-macro2"
version = "1.0.24"
source = "registry+https://github.com/rust-lang/crates.io-index"
checksum = "1e0704ee1a7e00d7bb417d0770ea303c1bccbabf0ef1667dae92b5967f5f8a71"
dependencies = [
 "unicode-xid",
]

[[package]]
name = "quote"
version = "1.0.7"
source = "registry+https://github.com/rust-lang/crates.io-index"
checksum = "aa563d17ecb180e500da1cfd2b028310ac758de548efdd203e18f283af693f37"
dependencies = [
 "proc-macro2",
]

[[package]]
name = "spin"
version = "0.5.2"
source = "registry+https://github.com/rust-lang/crates.io-index"
checksum = "6e63cff320ae2c57904679ba7cb63280a3dc4613885beafb148ee7bf9aa9042d"

[[package]]
name = "stack-vec"
version = "0.1.0"

[[package]]
name = "syn"
version = "1.0.53"
source = "registry+https://github.com/rust-lang/crates.io-index"
checksum = "8833e20724c24de12bbaba5ad230ea61c3eafb05b881c7c9d3cfe8638b187e68"
dependencies = [
 "proc-macro2",
 "quote",
 "unicode-xid",
]

[[package]]
name = "tiny-keccak"
version = "2.0.2"
source = "registry+https://github.com/rust-lang/crates.io-index"
checksum = "2c9d3793400a45f954c52e73d068316d76b6f4e36977e3fcebb13a2721e80237"
dependencies = [
 "crunchy",
]

[[package]]
name = "unicode-segmentation"
version = "1.7.1"
source = "registry+https://github.com/rust-lang/crates.io-index"
checksum = "bb0d2e7be6ae3a5fa87eed5fb451aff96f2573d2694942e40543ae0bbe19c796"

[[package]]
name = "unicode-xid"
version = "0.2.1"
source = "registry+https://github.com/rust-lang/crates.io-index"
checksum = "f7fe0bb3479651439c9112f72b6c505038574c9fbb575ed1bf3b797fa39dd564"

[[package]]
name = "usb-host"
version = "0.1.0"
dependencies = [
 "downcast-rs",
 "hashbrown 0.6.3",
 "log",
 "modular-bitfield",
 "pretty-hex",
 "spin",
]

[[package]]
name = "void"
version = "1.0.2"
source = "registry+https://github.com/rust-lang/crates.io-index"
checksum = "6a02e4885ed3bc0f2de90ea6dd45ebcbb66dacffe03547fadbb0eeae2770887d"

[[package]]
name = "volatile"
version = "0.2.7"
source = "registry+https://github.com/rust-lang/crates.io-index"
checksum = "f6b06ad3ed06fef1713569d547cdbdb439eafed76341820fb0e0344f29a41945"

[[package]]
name = "volatile"
version = "0.3.0"
source = "registry+https://github.com/rust-lang/crates.io-index"
checksum = "f8e76fae08f03f96e166d2dfda232190638c10e0383841252416f9cfe2ae60e6"

[[package]]
name = "wasi"
version = "0.9.0+wasi-snapshot-preview1"
source = "registry+https://github.com/rust-lang/crates.io-index"
checksum = "cccddf32554fecc6acb585f82a32a72e28b48f8c4c1883ddfeeeaa96f7d8e519"

[[package]]
name = "x86_64"
version = "0.12.3"
dependencies = [
 "bit_field 0.9.0",
 "bitflags",
]

[[package]]
name = "xhci"
version = "0.1.0"
dependencies = [
 "downcast-rs",
 "hashbrown 0.6.3",
 "log",
 "modular-bitfield",
 "spin",
 "usb-host",
 "volatile 0.3.0",
]
